Microsoft Visual Studio Solution File, Format Version 12.00
# Visual Studio 14
VisualStudioVersion = 14.0.25420.1
MinimumVisualStudioVersion = 10.0.40219.1
Project("{FAE04EC0-301F-11D3-BF4B-00C04F79EFBC}") = "ProjectA.Web", "ProjectA.Web\ProjectA.Web.csproj", "{3314F2B7-C947-4927-9E9E-1A1E88740570}"
EndProject
Project("{FAE04EC0-301F-11D3-BF4B-00C04F79EFBC}") = "ProjectA.Services", "ProjectA.Services\ProjectA.Services.csproj", "{BF1B00C5-540F-4B7C-94EB-6C654D5CEF11}"
EndProject
Project("{FAE04EC0-301F-11D3-BF4B-00C04F79EFBC}") = "ProjectA.Framework", "ProjectA.Framework\ProjectA.Framework.csproj", "{B6C4CCD7-2FA5-4A87-8B5F-04D6B8423A11}"
EndProject
Project("{FAE04EC0-301F-11D3-BF4B-00C04F79EFBC}") = "ProjectA.Core", "ProjectA.Core\ProjectA.Core.csproj", "{82308EFC-1F19-4A37-8DC6-45CD07953AED}"
EndProject
Project("{FAE04EC0-301F-11D3-BF4B-00C04F79EFBC}") = "ProjectA.Configuration", "ProjectA.Configuration\ProjectA.Configuration.csproj", "{B0671271-4DAB-4692-9E10-C8D625E799B0}"
EndProject
Project("{FAE04EC0-301F-11D3-BF4B-00C04F79EFBC}") = "ProjectA.i18n", "ProjectA.i18n\ProjectA.i18n.csproj", "{7D7581D8-C8EE-40E7-A9DD-C7F531476130}"
EndProject
Project("{2150E333-8FDC-42A3-9474-1A3956D46DE8}") = "1-Entities", "1-Entities", "{44975856-E0E0-4999-8724-016DA4666154}"
EndProject
Project("{2150E333-8FDC-42A3-9474-1A3956D46DE8}") = "4-Web", "4-Web", "{D8B030D7-327C-4D12-9C11-076C4A8E74A8}"
EndProject
Project("{2150E333-8FDC-42A3-9474-1A3956D46DE8}") = "2-Services", "2-Services", "{FCBFF05B-4A21-4364-B2EE-15D73BB1DEC9}"
EndProject
Project("{2150E333-8FDC-42A3-9474-1A3956D46DE8}") = "3-Localization", "3-Localization", "{440C188B-8DE0-42E9-BBEA-B6D7CAA2ED84}"
EndProject
Project("{2150E333-8FDC-42A3-9474-1A3956D46DE8}") = "0-Infrastructure", "0-Infrastructure", "{630C3A06-2035-456E-A920-849A0C40729C}"
EndProject
Project("{FAE04EC0-301F-11D3-BF4B-00C04F79EFBC}") = "ProjectA.Database", "ProjectA.Database\ProjectA.Database.csproj", "{F7EAD7B8-5D5C-4AA4-A70D-110493279EC3}"
EndProject
Project("{2150E333-8FDC-42A3-9474-1A3956D46DE8}") = "libs", "libs", "{38C7DC70-A517-4B06-B8CD-7C125EC2D20D}"
EndProject
Project("{FAE04EC0-301F-11D3-BF4B-00C04F79EFBC}") = "QSeed", "QSeed\QSeed.csproj", "{CBEA7244-F678-4E87-80A9-7B7ED51FC268}"
EndProject
Global
	GlobalSection(SolutionConfigurationPlatforms) = preSolution
		Debug|Any CPU = Debug|Any CPU
		Release|Any CPU = Release|Any CPU
	EndGlobalSection
	GlobalSection(ProjectConfigurationPlatforms) = postSolution
		{3314F2B7-C947-4927-9E9E-1A1E88740570}.Debug|Any CPU.ActiveCfg = Debug|Any CPU
		{3314F2B7-C947-4927-9E9E-1A1E88740570}.Debug|Any CPU.Build.0 = Debug|Any CPU
		{3314F2B7-C947-4927-9E9E-1A1E88740570}.Release|Any CPU.ActiveCfg = Release|Any CPU
		{3314F2B7-C947-4927-9E9E-1A1E88740570}.Release|Any CPU.Build.0 = Release|Any CPU
		{BF1B00C5-540F-4B7C-94EB-6C654D5CEF11}.Debug|Any CPU.ActiveCfg = Debug|Any CPU
		{BF1B00C5-540F-4B7C-94EB-6C654D5CEF11}.Debug|Any CPU.Build.0 = Debug|Any CPU
		{BF1B00C5-540F-4B7C-94EB-6C654D5CEF11}.Release|Any CPU.ActiveCfg = Release|Any CPU
		{BF1B00C5-540F-4B7C-94EB-6C654D5CEF11}.Release|Any CPU.Build.0 = Release|Any CPU
		{B6C4CCD7-2FA5-4A87-8B5F-04D6B8423A11}.Debug|Any CPU.ActiveCfg = Debug|Any CPU
		{B6C4CCD7-2FA5-4A87-8B5F-04D6B8423A11}.Debug|Any CPU.Build.0 = Debug|Any CPU
		{B6C4CCD7-2FA5-4A87-8B5F-04D6B8423A11}.Release|Any CPU.ActiveCfg = Release|Any CPU
		{B6C4CCD7-2FA5-4A87-8B5F-04D6B8423A11}.Release|Any CPU.Build.0 = Release|Any CPU
		{82308EFC-1F19-4A37-8DC6-45CD07953AED}.Debug|Any CPU.ActiveCfg = Debug|Any CPU
		{82308EFC-1F19-4A37-8DC6-45CD07953AED}.Debug|Any CPU.Build.0 = Debug|Any CPU
		{82308EFC-1F19-4A37-8DC6-45CD07953AED}.Release|Any CPU.ActiveCfg = Release|Any CPU
		{82308EFC-1F19-4A37-8DC6-45CD07953AED}.Release|Any CPU.Build.0 = Release|Any CPU
		{B0671271-4DAB-4692-9E10-C8D625E799B0}.Debug|Any CPU.ActiveCfg = Debug|Any CPU
		{B0671271-4DAB-4692-9E10-C8D625E799B0}.Debug|Any CPU.Build.0 = Debug|Any CPU
		{B0671271-4DAB-4692-9E10-C8D625E799B0}.Release|Any CPU.ActiveCfg = Release|Any CPU
		{B0671271-4DAB-4692-9E10-C8D625E799B0}.Release|Any CPU.Build.0 = Release|Any CPU
		{7D7581D8-C8EE-40E7-A9DD-C7F531476130}.Debug|Any CPU.ActiveCfg = Debug|Any CPU
		{7D7581D8-C8EE-40E7-A9DD-C7F531476130}.Debug|Any CPU.Build.0 = Debug|Any CPU
		{7D7581D8-C8EE-40E7-A9DD-C7F531476130}.Release|Any CPU.ActiveCfg = Release|Any CPU
		{7D7581D8-C8EE-40E7-A9DD-C7F531476130}.Release|Any CPU.Build.0 = Release|Any CPU
		{F7EAD7B8-5D5C-4AA4-A70D-110493279EC3}.Debug|Any CPU.ActiveCfg = Debug|Any CPU
		{F7EAD7B8-5D5C-4AA4-A70D-110493279EC3}.Debug|Any CPU.Build.0 = Debug|Any CPU
		{F7EAD7B8-5D5C-4AA4-A70D-110493279EC3}.Release|Any CPU.ActiveCfg = Release|Any CPU
		{F7EAD7B8-5D5C-4AA4-A70D-110493279EC3}.Release|Any CPU.Build.0 = Release|Any CPU
		{CBEA7244-F678-4E87-80A9-7B7ED51FC268}.Debug|Any CPU.ActiveCfg = Debug|Any CPU
		{CBEA7244-F678-4E87-80A9-7B7ED51FC268}.Debug|Any CPU.Build.0 = Debug|Any CPU
		{CBEA7244-F678-4E87-80A9-7B7ED51FC268}.Release|Any CPU.ActiveCfg = Release|Any CPU
		{CBEA7244-F678-4E87-80A9-7B7ED51FC268}.Release|Any CPU.Build.0 = Release|Any CPU
	EndGlobalSection
	GlobalSection(SolutionProperties) = preSolution
		HideSolutionNode = FALSE
	EndGlobalSection
	GlobalSection(NestedProjects) = preSolution
		{3314F2B7-C947-4927-9E9E-1A1E88740570} = {D8B030D7-327C-4D12-9C11-076C4A8E74A8}
		{BF1B00C5-540F-4B7C-94EB-6C654D5CEF11} = {FCBFF05B-4A21-4364-B2EE-15D73BB1DEC9}
		{B6C4CCD7-2FA5-4A87-8B5F-04D6B8423A11} = {630C3A06-2035-456E-A920-849A0C40729C}
		{82308EFC-1F19-4A37-8DC6-45CD07953AED} = {44975856-E0E0-4999-8724-016DA4666154}
		{B0671271-4DAB-4692-9E10-C8D625E799B0} = {630C3A06-2035-456E-A920-849A0C40729C}
		{7D7581D8-C8EE-40E7-A9DD-C7F531476130} = {440C188B-8DE0-42E9-BBEA-B6D7CAA2ED84}
		{F7EAD7B8-5D5C-4AA4-A70D-110493279EC3} = {FCBFF05B-4A21-4364-B2EE-15D73BB1DEC9}
		{CBEA7244-F678-4E87-80A9-7B7ED51FC268} = {38C7DC70-A517-4B06-B8CD-7C125EC2D20D}
	EndGlobalSection
EndGlobal
